# @generated by Move, please check-in and do not edit manually.

[move]
version = 3
manifest_digest = "4D162FAB78C231C8A1523356865E7083B1889C8947F6841C0126B519B1F80FD5"
deps_digest = "F8BBB0CCB2491CA29A3DF03D6F92277A4F3574266507ACD77214D37ECA3F3082"
dependencies = [
  { id = "Sui", name = "Sui" },
]

[[move.package]]
id = "MoveStdlib"
source = { git = "https://github.com/MystenLabs/sui.git", rev = "mainnet-v1.39.3", subdir = "crates/sui-framework/packages/move-stdlib" }

[[move.package]]
id = "Sui"
source = { git = "https://github.com/MystenLabs/sui.git", rev = "mainnet-v1.39.3", subdir = "crates/sui-framework/packages/sui-framework" }

dependencies = [
  { id = "MoveStdlib", name = "MoveStdlib" },
]

[move.toolchain-version]
compiler-version = "1.39.0"
edition = "2024.beta"
flavor = "sui"

[env]

[env.testnet]
chain-id = "4c78adac"
original-published-id = "0xe5bac50be2249c3fbcffaaebf8f3fe134e6e93a2ec13231d3ad80de072fdaa7a"
latest-published-id = "0xe5bac50be2249c3fbcffaaebf8f3fe134e6e93a2ec13231d3ad80de072fdaa7a"
published-version = "1"
